
Microsoft Visual Studio Solution File, Format Version 12.00
# Visual Studio Version 17
VisualStudioVersion = 17.14.36511.14 d17.14
MinimumVisualStudioVersion = 10.0.40219.1
Project("{8BC9CEB8-8B4A-11D0-8D11-00A0C91BC942}") = "dunenkolab_0", "dunenkolab_0\dunenkolab_0.vcxproj", "{DF480F2E-A2F2-457B-8ED7-AEC6E6C559CE}"
EndProject
Global
	GlobalSection(SolutionConfigurationPlatforms) = preSolution
		Debug|x64 = Debug|x64
		Debug|x86 = Debug|x86
		Release|x64 = Release|x64
		Release|x86 = Release|x86
	EndGlobalSection
	GlobalSection(ProjectConfigurationPlatforms) = postSolution
		{DF480F2E-A2F2-457B-8ED7-AEC6E6C559CE}.Debug|x64.ActiveCfg = Debug|x64
		{DF480F2E-A2F2-457B-8ED7-AEC6E6C559CE}.Debug|x64.Build.0 = Debug|x64
		{DF480F2E-A2F2-457B-8ED7-AEC6E6C559CE}.Debug|x86.ActiveCfg = Debug|Win32
		{DF480F2E-A2F2-457B-8ED7-AEC6E6C559CE}.Debug|x86.Build.0 = Debug|Win32
		{DF480F2E-A2F2-457B-8ED7-AEC6E6C559CE}.Release|x64.ActiveCfg = Release|x64
		{DF480F2E-A2F2-457B-8ED7-AEC6E6C559CE}.Release|x64.Build.0 = Release|x64
		{DF480F2E-A2F2-457B-8ED7-AEC6E6C559CE}.Release|x86.ActiveCfg = Release|Win32
		{DF480F2E-A2F2-457B-8ED7-AEC6E6C559CE}.Release|x86.Build.0 = Release|Win32
	EndGlobalSection
	GlobalSection(SolutionProperties) = preSolution
		HideSolutionNode = FALSE
	EndGlobalSection
	GlobalSection(ExtensibilityGlobals) = postSolution
		SolutionGuid = {7476F5B7-95AF-4D6F-8C3F-BD30513F7CD3}
	EndGlobalSection
EndGlobal
